schema: '2.0'
stages:
  download:
    cmd:
    - curl -O http://www.manythings.org/anki/fra-eng.zip
    - unzip fra-eng.zip
    - rm _about.txt fra-eng.zip
    deps:
    - path: http://www.manythings.org/anki/fra-eng.zip
      hash: md5
      checksum: '28667858484546094393295143702976234788'
      size: 7943074
    outs:
    - path: fra.txt
      hash: md5
      md5: 2d13ce38e3bfc0e5afadfa819bdba57d
      size: 35036312
  train:
    cmd: python train.py
    deps:
    - path: fra.txt
      hash: md5
      md5: 2d13ce38e3bfc0e5afadfa819bdba57d
      size: 35036312
    - path: train.py
      hash: md5
      md5: 0ab8a8eb7f3229bb978d8e067d1dd45f
      size: 7467
    params:
      params.yaml:
        dataset:
          num_samples: 100000
          data_path: fra.txt
          url: http://www.manythings.org/anki/fra-eng.zip
        model:
          batch_size: 512
          latent_dim: 8
          duration: 00:00:30:00
          max_epochs: 2
          optim:
            lr: 0.01
        seed: 423
    outs:
    - path: model
      hash: md5
      md5: a9389d429540886840e4606a675281a4.dir
      size: 19634
      nfiles: 1
    - path: results/artifacts
      hash: md5
      md5: a9389d429540886840e4606a675281a4.dir
      size: 19634
      nfiles: 1
    - path: results/metrics.json
      hash: md5
      md5: 1e254c560409d9344714508971423f5d
      size: 365
    - path: results/plots
      hash: md5
      md5: 073c169201f87671cb367930fcc90112.dir
      size: 596
      nfiles: 7
