schema: '2.0'
stages:
  download:
    cmd:
    - curl -O http://www.manythings.org/anki/fra-eng.zip
    - unzip fra-eng.zip
    - rm _about.txt fra-eng.zip
    deps:
    - path: http://www.manythings.org/anki/fra-eng.zip
      hash: md5
      checksum: '28667858484546094393295143702976234788'
      size: 7943074
    outs:
    - path: fra.txt
      hash: md5
      md5: 2d13ce38e3bfc0e5afadfa819bdba57d
      size: 35036312
  train:
    cmd: python train.py
    deps:
    - path: fra.txt
      hash: md5
      md5: 2d13ce38e3bfc0e5afadfa819bdba57d
      size: 35036312
    - path: train.py
      hash: md5
      md5: acc86e3feeb90a4a25735da8af29acfb
      size: 7958
    params:
      params.yaml:
        dataset:
          num_samples: 100000
          data_path: fra.txt
          url: http://www.manythings.org/anki/fra-eng.zip
        greg: false
        model:
          batch_size: 512
          latent_dim: 8
          duration: 00:00:30:00
          max_epochs: 2
          optim:
            lr: 0.01
        seed: 423
    outs:
    - path: model
      hash: md5
      md5: d2d9e4a34db1ffe03ea303500afcc187.dir
      size: 19634
      nfiles: 1
    - path: results/artifacts
      hash: md5
      md5: d2d9e4a34db1ffe03ea303500afcc187.dir
      size: 19634
      nfiles: 1
    - path: results/metrics.json
      hash: md5
      md5: bca58227ea55c21f5e48f6cbdde63f14
      size: 366
    - path: results/plots
      hash: md5
      md5: cafc42e12f63dac7e9edc8ea592b28da.dir
      size: 596
      nfiles: 7
